// !$*UTF8*$!
{
	archiveVersion = 1;
	classes = {
	};
	objectVersion = 46;
	objects = {

/* Begin PBXBuildFile section */
		F35D17871F633F71001BFA7E /* AppDelegate.swift in Sources */ = {isa = PBXBuildFile; fileRef = F35D17861F633F71001BFA7E /* AppDelegate.swift */; };
		F35D17891F633F71001BFA7E /* ViewController.swift in Sources */ = {isa = PBXBuildFile; fileRef = F35D17881F633F71001BFA7E /* ViewController.swift */; };
		F35D178C1F633F71001BFA7E /* Main.storyboard in Resources */ = {isa = PBXBuildFile; fileRef = F35D178A1F633F71001BFA7E /* Main.storyboard */; };
		F35D178E1F633F72001BFA7E /* Assets.xcassets in Resources */ = {isa = PBXBuildFile; fileRef = F35D178D1F633F72001BFA7E /* Assets.xcassets */; };
		F35D17911F633F72001BFA7E /* LaunchScreen.storyboard in Resources */ = {isa = PBXBuildFile; fileRef = F35D178F1F633F72001BFA7E /* LaunchScreen.storyboard */; };
		F35D179C1F633F72001BFA7E /* ProbaLocaTests.swift in Sources */ = {isa = PBXBuildFile; fileRef = F35D179B1F633F72001BFA7E /* ProbaLocaTests.swift */; };
		F35D17A71F633F72001BFA7E /* ProbaLocaUITests.swift in Sources */ = {isa = PBXBuildFile; fileRef = F35D17A61F633F72001BFA7E /* ProbaLocaUITests.swift */; };
/* End PBXBuildFile section */

/* Begin PBXContainerItemProxy section */
		F35D17981F633F72001BFA7E /* PBXContainerItemProxy */ = {
			isa = PBXContainerItemProxy;
			containerPortal = F35D177B1F633F71001BFA7E /* Project object */;
			proxyType = 1;
			remoteGlobalIDString = F35D17821F633F71001BFA7E;
			remoteInfo = ProbaLoca;
		};
		F35D17A31F633F72001BFA7E /* PBXContainerItemProxy */ = {
			isa = PBXContainerItemProxy;
			containerPortal = F35D177B1F633F71001BFA7E /* Project object */;
			proxyType = 1;
			remoteGlobalIDString = F35D17821F633F71001BFA7E;
			remoteInfo = ProbaLoca;
		};
/* End PBXContainerItemProxy section */

/* Begin PBXFileReference section */
		F35D17831F633F71001BFA7E /* ProbaLoca.app */ = {isa = PBXFileReference; explicitFileType = wrapper.application; includeInIndex = 0; path = ProbaLoca.app; sourceTree = BUILT_PRODUCTS_DIR; };
		F35D17861F633F71001BFA7E /* AppDelegate.swift */ = {isa = PBXFileReference; lastKnownFileType = sourcecode.swift; path = AppDelegate.swift; sourceTree = "<group>"; };
		F35D17881F633F71001BFA7E /* ViewController.swift */ = {isa = PBXFileReference; lastKnownFileType = sourcecode.swift; path = ViewController.swift; sourceTree = "<group>"; };
		F35D178B1F633F71001BFA7E /* Base */ = {isa = PBXFileReference; lastKnownFileType = file.storyboard; name = Base; path = Base.lproj/Main.storyboard; sourceTree = "<group>"; };
		F35D178D1F633F72001BFA7E /* Assets.xcassets */ = {isa = PBXFileReference; lastKnownFileType = folder.assetcatalog; path = Assets.xcassets; sourceTree = "<group>"; };
		F35D17901F633F72001BFA7E /* Base */ = {isa = PBXFileReference; lastKnownFileType = file.storyboard; name = Base; path = Base.lproj/LaunchScreen.storyboard; sourceTree = "<group>"; };
		F35D17921F633F72001BFA7E /* Info.plist */ = {isa = PBXFileReference; lastKnownFileType = text.plist.xml; path = Info.plist; sourceTree = "<group>"; };
		F35D17971F633F72001BFA7E /* ProbaLocaTests.xctest */ = {isa = PBXFileReference; explicitFileType = wrapper.cfbundle; includeInIndex = 0; path = ProbaLocaTests.xctest; sourceTree = BUILT_PRODUCTS_DIR; };
		F35D179B1F633F72001BFA7E /* ProbaLocaTests.swift */ = {isa = PBXFileReference; lastKnownFileType = sourcecode.swift; path = ProbaLocaTests.swift; sourceTree = "<group>"; };
		F35D179D1F633F72001BFA7E /* Info.plist */ = {isa = PBXFileReference; lastKnownFileType = text.plist.xml; path = Info.plist; sourceTree = "<group>"; };
		F35D17A21F633F72001BFA7E /* ProbaLocaUITests.xctest */ = {isa = PBXFileReference; explicitFileType = wrapper.cfbundle; includeInIndex = 0; path = ProbaLocaUITests.xctest; sourceTree = BUILT_PRODUCTS_DIR; };
		F35D17A61F633F72001BFA7E /* ProbaLocaUITests.swift */ = {isa = PBXFileReference; lastKnownFileType = sourcecode.swift; path = ProbaLocaUITests.swift; sourceTree = "<group>"; };
		F35D17A81F633F72001BFA7E /* Info.plist */ = {isa = PBXFileReference; lastKnownFileType = text.plist.xml; path = Info.plist; sourceTree = "<group>"; };
/* End PBXFileReference section */

/* Begin PBXFrameworksBuildPhase section */
		F35D17801F633F71001BFA7E /* Frameworks */ = {
			isa = PBXFrameworksBuildPhase;
			buildActionMask = 2147483647;
			files = (
			);
			runOnlyForDeploymentPostprocessing = 0;
		};
		F35D17941F633F72001BFA7E /* Frameworks */ = {
			isa = PBXFrameworksBuildPhase;
			buildActionMask = 2147483647;
			files = (
			);
			runOnlyForDeploymentPostprocessing = 0;
		};
		F35D179F1F633F72001BFA7E /* Frameworks */ = {
			isa = PBXFrameworksBuildPhase;
			buildActionMask = 2147483647;
			files = (
			);
			runOnlyForDeploymentPostprocessing = 0;
		};
/* End PBXFrameworksBuildPhase section */

/* Begin PBXGroup section */
		F35D177A1F633F71001BFA7E = {
			isa = PBXGroup;
			children = (
				F35D17851F633F71001BFA7E /* ProbaLoca */,
				F35D179A1F633F72001BFA7E /* ProbaLocaTests */,
				F35D17A51F633F72001BFA7E /* ProbaLocaUITests */,
				F35D17841F633F71001BFA7E /* Products */,
			);
			sourceTree = "<group>";
		};
		F35D17841F633F71001BFA7E /* Products */ = {
			isa = PBXGroup;
			children = (
				F35D17831F633F71001BFA7E /* ProbaLoca.app */,
				F35D17971F633F72001BFA7E /* ProbaLocaTests.xctest */,
				F35D17A21F633F72001BFA7E /* ProbaLocaUITests.xctest */,
			);
			name = Products;
			sourceTree = "<group>";
		};
		F35D17851F633F71001BFA7E /* ProbaLoca */ = {
			isa = PBXGroup;
			children = (
				F35D17861F633F71001BFA7E /* AppDelegate.swift */,
				F35D17881F633F71001BFA7E /* ViewController.swift */,
				F35D178A1F633F71001BFA7E /* Main.storyboard */,
				F35D178D1F633F72001BFA7E /* Assets.xcassets */,
				F35D178F1F633F72001BFA7E /* LaunchScreen.storyboard */,
				F35D17921F633F72001BFA7E /* Info.plist */,
			);
			path = ProbaLoca;
			sourceTree = "<group>";
		};
		F35D179A1F633F72001BFA7E /* ProbaLocaTests */ = {
			isa = PBXGroup;
			children = (
				F35D179B1F633F72001BFA7E /* ProbaLocaTests.swift */,
				F35D179D1F633F72001BFA7E /* Info.plist */,
			);
			path = ProbaLocaTests;
			sourceTree = "<group>";
		};
		F35D17A51F633F72001BFA7E /* ProbaLocaUITests */ = {
			isa = PBXGroup;
			children = (
				F35D17A61F633F72001BFA7E /* ProbaLocaUITests.swift */,
				F35D17A81F633F72001BFA7E /* Info.plist */,
			);
			path = ProbaLocaUITests;
			sourceTree = "<group>";
		};
/* End PBXGroup section */

/* Begin PBXNativeTarget section */
		F35D17821F633F71001BFA7E /* ProbaLoca */ = {
			isa = PBXNativeTarget;
			buildConfigurationList = F35D17AB1F633F72001BFA7E /* Build configuration list for PBXNativeTarget "ProbaLoca" */;
			buildPhases = (
				F35D177F1F633F71001BFA7E /* Sources */,
				F35D17801F633F71001BFA7E /* Frameworks */,
				F35D17811F633F71001BFA7E /* Resources */,
			);
			buildRules = (
			);
			dependencies = (
			);
			name = ProbaLoca;
			productName = ProbaLoca;
			productReference = F35D17831F633F71001BFA7E /* ProbaLoca.app */;
			productType = "com.apple.product-type.application";
		};
		F35D17961F633F72001BFA7E /* ProbaLocaTests */ = {
			isa = PBXNativeTarget;
			buildConfigurationList = F35D17AE1F633F72001BFA7E /* Build configuration list for PBXNativeTarget "ProbaLocaTests" */;
			buildPhases = (
				F35D17931F633F72001BFA7E /* Sources */,
				F35D17941F633F72001BFA7E /* Frameworks */,
				F35D17951F633F72001BFA7E /* Resources */,
			);
			buildRules = (
			);
			dependencies = (
				F35D17991F633F72001BFA7E /* PBXTargetDependency */,
			);
			name = ProbaLocaTests;
			productName = ProbaLocaTests;
			productReference = F35D17971F633F72001BFA7E /* ProbaLocaTests.xctest */;
			productType = "com.apple.product-type.bundle.unit-test";
		};
		F35D17A11F633F72001BFA7E /* ProbaLocaUITests */ = {
			isa = PBXNativeTarget;
			buildConfigurationList = F35D17B11F633F72001BFA7E /* Build configuration list for PBXNativeTarget "ProbaLocaUITests" */;
			buildPhases = (
				F35D179E1F633F72001BFA7E /* Sources */,
				F35D179F1F633F72001BFA7E /* Frameworks */,
				F35D17A01F633F72001BFA7E /* Resources */,
			);
			buildRules = (
			);
			dependencies = (
				F35D17A41F633F72001BFA7E /* PBXTargetDependency */,
			);
			name = ProbaLocaUITests;
			productName = ProbaLocaUITests;
			productReference = F35D17A21F633F72001BFA7E /* ProbaLocaUITests.xctest */;
			productType = "com.apple.product-type.bundle.ui-testing";
		};
/* End PBXNativeTarget section */

/* Begin PBXProject section */
		F35D177B1F633F71001BFA7E /* Project object */ = {
			isa = PBXProject;
			attributes = {
				LastSwiftUpdateCheck = 0830;
				LastUpgradeCheck = 0830;
				ORGANIZATIONNAME = Uma;
				TargetAttributes = {
					F35D17821F633F71001BFA7E = {
						CreatedOnToolsVersion = 8.3.3;
						ProvisioningStyle = Automatic;
					};
					F35D17961F633F72001BFA7E = {
						CreatedOnToolsVersion = 8.3.3;
						ProvisioningStyle = Automatic;
						TestTargetID = F35D17821F633F71001BFA7E;
					};
					F35D17A11F633F72001BFA7E = {
						CreatedOnToolsVersion = 8.3.3;
						ProvisioningStyle = Automatic;
						TestTargetID = F35D17821F633F71001BFA7E;
					};
				};
			};
			buildConfigurationList = F35D177E1F633F71001BFA7E /* Build configuration list for PBXProject "ProbaLoca" */;
			compatibilityVersion = "Xcode 3.2";
			developmentRegion = English;
			hasScannedForEncodings = 0;
			knownRegions = (
				en,
				Base,
			);
			mainGroup = F35D177A1F633F71001BFA7E;
			productRefGroup = F35D17841F633F71001BFA7E /* Products */;
			projectDirPath = "";
			projectRoot = "";
			targets = (
				F35D17821F633F71001BFA7E /* ProbaLoca */,
				F35D17961F633F72001BFA7E /* ProbaLocaTests */,
				F35D17A11F633F72001BFA7E /* ProbaLocaUITests */,
			);
		};
/* End PBXProject section */

/* Begin PBXResourcesBuildPhase section */
		F35D17811F633F71001BFA7E /* Resources */ = {
			isa = PBXResourcesBuildPhase;
			buildActionMask = 2147483647;
			files = (
				F35D17911F633F72001BFA7E /* LaunchScreen.storyboard in Resources */,
				F35D178E1F633F72001BFA7E /* Assets.xcassets in Resources */,
				F35D178C1F633F71001BFA7E /* Main.storyboard in Resources */,
			);
			runOnlyForDeploymentPostprocessing = 0;
		};
		F35D17951F633F72001BFA7E /* Resources */ = {
			isa = PBXResourcesBuildPhase;
			buildActionMask = 2147483647;
			files = (
			);
			runOnlyForDeploymentPostprocessing = 0;
		};
		F35D17A01F633F72001BFA7E /* Resources */ = {
			isa = PBXResourcesBuildPhase;
			buildActionMask = 2147483647;
			files = (
			);
			runOnlyForDeploymentPostprocessing = 0;
		};
/* End PBXResourcesBuildPhase section */

/* Begin PBXSourcesBuildPhase section */
		F35D177F1F633F71001BFA7E /* Sources */ = {
			isa = PBXSourcesBuildPhase;
			buildActionMask = 2147483647;
			files = (
				F35D17891F633F71001BFA7E /* ViewController.swift in Sources */,
				F35D17871F633F71001BFA7E /* AppDelegate.swift in Sources */,
			);
			runOnlyForDeploymentPostprocessing = 0;
		};
		F35D17931F633F72001BFA7E /* Sources */ = {
			isa = PBXSourcesBuildPhase;
			buildActionMask = 2147483647;
			files = (
				F35D179C1F633F72001BFA7E /* ProbaLocaTests.swift in Sources */,
			);
			runOnlyForDeploymentPostprocessing = 0;
		};
		F35D179E1F633F72001BFA7E /* Sources */ = {
			isa = PBXSourcesBuildPhase;
			buildActionMask = 2147483647;
			files = (
				F35D17A71F633F72001BFA7E /* ProbaLocaUITests.swift in Sources */,
			);
			runOnlyForDeploymentPostprocessing = 0;
		};
/* End PBXSourcesBuildPhase section */

/* Begin PBXTargetDependency section */
		F35D17991F633F72001BFA7E /* PBXTargetDependency */ = {
			isa = PBXTargetDependency;
			target = F35D17821F633F71001BFA7E /* ProbaLoca */;
			targetProxy = F35D17981F633F72001BFA7E /* PBXContainerItemProxy */;
		};
		F35D17A41F633F72001BFA7E /* PBXTargetDependency */ = {
			isa = PBXTargetDependency;
			target = F35D17821F633F71001BFA7E /* ProbaLoca */;
			targetProxy = F35D17A31F633F72001BFA7E /* PBXContainerItemProxy */;
		};
/* End PBXTargetDependency section */

/* Begin PBXVariantGroup section */
		F35D178A1F633F71001BFA7E /* Main.storyboard */ = {
			isa = PBXVariantGroup;
			children = (
				F35D178B1F633F71001BFA7E /* Base */,
			);
			name = Main.storyboard;
			sourceTree = "<group>";
		};
		F35D178F1F633F72001BFA7E /* LaunchScreen.storyboard */ = {
			isa = PBXVariantGroup;
			children = (
				F35D17901F633F72001BFA7E /* Base */,
			);
			name = LaunchScreen.storyboard;
			sourceTree = "<group>";
		};
/* End PBXVariantGroup section */

/* Begin XCBuildConfiguration section */
		F35D17A91F633F72001BFA7E /* Debug */ = {
			isa = XCBuildConfiguration;
			buildSettings = {
				ALWAYS_SEARCH_USER_PATHS = NO;
				CLANG_ANALYZER_NONNULL = YES;
				CLANG_ANALYZER_NUMBER_OBJECT_CONVERSION = YES_AGGRESSIVE;
				CLANG_CXX_LANGUAGE_STANDARD = "gnu++0x";
				CLANG_CXX_LIBRARY = "libc++";
				CLANG_ENABLE_MODULES = YES;
				CLANG_ENABLE_OBJC_ARC = YES;
				CLANG_WARN_BOOL_CONVERSION = YES;
				CLANG_WARN_CONSTANT_CONVERSION = YES;
				CLANG_WARN_DIRECT_OBJC_ISA_USAGE = YES_ERROR;
				CLANG_WARN_DOCUMENTATION_COMMENTS = YES;
				CLANG_WARN_EMPTY_BODY = YES;
				CLANG_WARN_ENUM_CONVERSION = YES;
				CLANG_WARN_INFINITE_RECURSION = YES;
				CLANG_WARN_INT_CONVERSION = YES;
				CLANG_WARN_OBJC_ROOT_CLASS = YES_ERROR;
				CLANG_WARN_SUSPICIOUS_MOVE = YES;
				CLANG_WARN_UNREACHABLE_CODE = YES;
				CLANG_WARN__DUPLICATE_METHOD_MATCH = YES;
				"CODE_SIGN_IDENTITY[sdk=iphoneos*]" = "iPhone Developer";
				COPY_PHASE_STRIP = NO;
				DEBUG_INFORMATION_FORMAT = dwarf;
				ENABLE_STRICT_OBJC_MSGSEND = YES;
				ENABLE_TESTABILITY = YES;
				GCC_C_LANGUAGE_STANDARD = gnu99;
				GCC_DYNAMIC_NO_PIC = NO;
				GCC_NO_COMMON_BLOCKS = YES;
				GCC_OPTIMIZATION_LEVEL = 0;
				GCC_PREPROCESSOR_DEFINITIONS = (
					"DEBUG=1",
					"$(inherited)",
				);
				GCC_WARN_64_TO_32_BIT_CONVERSION = YES;
				GCC_WARN_ABOUT_RETURN_TYPE = YES_ERROR;
				GCC_WARN_UNDECLARED_SELECTOR = YES;
				GCC_WARN_UNINITIALIZED_AUTOS = YES_AGGRESSIVE;
				GCC_WARN_UNUSED_FUNCTION = YES;
				GCC_WARN_UNUSED_VARIABLE = YES;
				IPHONEOS_DEPLOYMENT_TARGET = 10.3;
				MTL_ENABLE_DEBUG_INFO = YES;
				ONLY_ACTIVE_ARCH = YES;
				SDKROOT = iphoneos;
				SWIFT_ACTIVE_COMPILATION_CONDITIONS = DEBUG;
				SWIFT_OPTIMIZATION_LEVEL = "-Onone";
				TARGETED_DEVICE_FAMILY = "1,2";
			};
			name = Debug;
		};
		F35D17AA1F633F72001BFA7E /* Release */ = {
			isa = XCBuildConfiguration;
			buildSettings = {
				ALWAYS_SEARCH_USER_PATHS = NO;
				CLANG_ANALYZER_NONNULL = YES;
				CLANG_ANALYZER_NUMBER_OBJECT_CONVERSION = YES_AGGRESSIVE;
				CLANG_CXX_LANGUAGE_STANDARD = "gnu++0x";
				CLANG_CXX_LIBRARY = "libc++";
				CLANG_ENABLE_MODULES = YES;
				CLANG_ENABLE_OBJC_ARC = YES;
				CLANG_WARN_BOOL_CONVERSION = YES;
				CLANG_WARN_CONSTANT_CONVERSION = YES;
				CLANG_WARN_DIRECT_OBJC_ISA_USAGE = YES_ERROR;
				CLANG_WARN_DOCUMENTATION_COMMENTS = YES;
				CLANG_WARN_EMPTY_BODY = YES;
				CLANG_WARN_ENUM_CONVERSION = YES;
				CLANG_WARN_INFINITE_RECURSION = YES;
				CLANG_WARN_INT_CONVERSION = YES;
				CLANG_WARN_OBJC_ROOT_CLASS = YES_ERROR;
				CLANG_WARN_SUSPICIOUS_MOVE = YES;
				CLANG_WARN_UNREACHABLE_CODE = YES;
				CLANG_WARN__DUPLICATE_METHOD_MATCH = YES;
				"CODE_SIGN_IDENTITY[sdk=iphoneos*]" = "iPhone Developer";
				COPY_PHASE_STRIP = NO;
				DEBUG_INFORMATION_FORMAT = "dwarf-with-dsym";
				ENABLE_NS_ASSERTIONS = NO;
				ENABLE_STRICT_OBJC_MSGSEND = YES;
				GCC_C_LANGUAGE_STANDARD = gnu99;
				GCC_NO_COMMON_BLOCKS = YES;
				GCC_WARN_64_TO_32_BIT_CONVERSION = YES;
				GCC_WARN_ABOUT_RETURN_TYPE = YES_ERROR;
				GCC_WARN_UNDECLARED_SELECTOR = YES;
				GCC_WARN_UNINITIALIZED_AUTOS = YES_AGGRESSIVE;
				GCC_WARN_UNUSED_FUNCTION = YES;
				GCC_WARN_UNUSED_VARIABLE = YES;
				IPHONEOS_DEPLOYMENT_TARGET = 10.3;
				MTL_ENABLE_DEBUG_INFO = NO;
				SDKROOT = iphoneos;
				SWIFT_OPTIMIZATION_LEVEL = "-Owholemodule";
				TARGETED_DEVICE_FAMILY = "1,2";
				VALIDATE_PRODUCT = YES;
			};
			name = Release;
		};
		F35D17AC1F633F72001BFA7E /* Debug */ = {
			isa = XCBuildConfiguration;
			buildSettings = {
				ASSETCATALOG_COMPILER_APPICON_NAME = AppIcon;
				INFOPLIST_FILE = ProbaLoca/Info.plist;
				LD_RUNPATH_SEARCH_PATHS = "$(inherited) @executable_path/Frameworks";
				PRODUCT_BUNDLE_IDENTIFIER = proyectosfarg.ProbaLoca;
				PRODUCT_NAME = "$(TARGET_NAME)";
				SWIFT_VERSION = 3.0;
			};
			name = Debug;
		};
		F35D17AD1F633F72001BFA7E /* Release */ = {
			isa = XCBuildConfiguration;
			buildSettings = {
				ASSETCATALOG_COMPILER_APPICON_NAME = AppIcon;
				INFOPLIST_FILE = ProbaLoca/Info.plist;
				LD_RUNPATH_SEARCH_PATHS = "$(inherited) @executable_path/Frameworks";
				PRODUCT_BUNDLE_IDENTIFIER = proyectosfarg.ProbaLoca;
				PRODUCT_NAME = "$(TARGET_NAME)";
				SWIFT_VERSION = 3.0;
			};
			name = Release;
		};
		F35D17AF1F633F72001BFA7E /* Debug */ = {
			isa = XCBuildConfiguration;
			buildSettings = {
				ALWAYS_EMBED_SWIFT_STANDARD_LIBRARIES = YES;
				BUNDLE_LOADER = "$(TEST_HOST)";
				INFOPLIST_FILE = ProbaLocaTests/Info.plist;
				LD_RUNPATH_SEARCH_PATHS = "$(inherited) @executable_path/Frameworks @loader_path/Frameworks";
				PRODUCT_BUNDLE_IDENTIFIER = proyectosfarg.ProbaLocaTests;
				PRODUCT_NAME = "$(TARGET_NAME)";
				SWIFT_VERSION = 3.0;
				TEST_HOST = "$(BUILT_PRODUCTS_DIR)/ProbaLoca.app/ProbaLoca";
			};
			name = Debug;
		};
		F35D17B01F633F72001BFA7E /* Release */ = {
			isa = XCBuildConfiguration;
			buildSettings = {
				ALWAYS_EMBED_SWIFT_STANDARD_LIBRARIES = YES;
				BUNDLE_LOADER = "$(TEST_HOST)";
				INFOPLIST_FILE = ProbaLocaTests/Info.plist;
				LD_RUNPATH_SEARCH_PATHS = "$(inherited) @executable_path/Frameworks @loader_path/Frameworks";
				PRODUCT_BUNDLE_IDENTIFIER = proyectosfarg.ProbaLocaTests;
				PRODUCT_NAME = "$(TARGET_NAME)";
				SWIFT_VERSION = 3.0;
				TEST_HOST = "$(BUILT_PRODUCTS_DIR)/ProbaLoca.app/ProbaLoca";
			};
			name = Release;
		};
		F35D17B21F633F72001BFA7E /* Debug */ = {
			isa = XCBuildConfiguration;
			buildSettings = {
				ALWAYS_EMBED_SWIFT_STANDARD_LIBRARIES = YES;
				INFOPLIST_FILE = ProbaLocaUITests/Info.plist;
				LD_RUNPATH_SEARCH_PATHS = "$(inherited) @executable_path/Frameworks @loader_path/Frameworks";
				PRODUCT_BUNDLE_IDENTIFIER = proyectosfarg.ProbaLocaUITests;
				PRODUCT_NAME = "$(TARGET_NAME)";
				SWIFT_VERSION = 3.0;
				TEST_TARGET_NAME = ProbaLoca;
			};
			name = Debug;
		};
		F35D17B31F633F72001BFA7E /* Release */ = {
			isa = XCBuildConfiguration;
			buildSettings = {
				ALWAYS_EMBED_SWIFT_STANDARD_LIBRARIES = YES;
				INFOPLIST_FILE = ProbaLocaUITests/Info.plist;
				LD_RUNPATH_SEARCH_PATHS = "$(inherited) @executable_path/Frameworks @loader_path/Frameworks";
				PRODUCT_BUNDLE_IDENTIFIER = proyectosfarg.ProbaLocaUITests;
				PRODUCT_NAME = "$(TARGET_NAME)";
				SWIFT_VERSION = 3.0;
				TEST_TARGET_NAME = ProbaLoca;
			};
			name = Release;
		};
/* End XCBuildConfiguration section */

/* Begin XCConfigurationList section */
		F35D177E1F633F71001BFA7E /* Build configuration list for PBXProject "ProbaLoca" */ = {
			isa = XCConfigurationList;
			buildConfigurations = (
				F35D17A91F633F72001BFA7E /* Debug */,
				F35D17AA1F633F72001BFA7E /* Release */,
			);
			defaultConfigurationIsVisible = 0;
			defaultConfigurationName = Release;
		};
		F35D17AB1F633F72001BFA7E /* Build configuration list for PBXNativeTarget "ProbaLoca" */ = {
			isa = XCConfigurationList;
			buildConfigurations = (
				F35D17AC1F633F72001BFA7E /* Debug */,
				F35D17AD1F633F72001BFA7E /* Release */,
			);
			defaultConfigurationIsVisible = 0;
		};
		F35D17AE1F633F72001BFA7E /* Build configuration list for PBXNativeTarget "ProbaLocaTests" */ = {
			isa = XCConfigurationList;
			buildConfigurations = (
				F35D17AF1F633F72001BFA7E /* Debug */,
				F35D17B01F633F72001BFA7E /* Release */,
			);
			defaultConfigurationIsVisible = 0;
		};
		F35D17B11F633F72001BFA7E /* Build configuration list for PBXNativeTarget "ProbaLocaUITests" */ = {
			isa = XCConfigurationList;
			buildConfigurations = (
				F35D17B21F633F72001BFA7E /* Debug */,
				F35D17B31F633F72001BFA7E /* Release */,
			);
			defaultConfigurationIsVisible = 0;
		};
/* End XCConfigurationList section */
	};
	rootObject = F35D177B1F633F71001BFA7E /* Project object */;
}
